
Microsoft Visual Studio Solution File, Format Version 12.00
Project("{FAE04EC0-301F-11D3-BF4B-00C04F79EFBC}") = "HappyLittleHelpers.AdhocDataQueries", "HappyLittleHelpers.AdhocDataQueries.csproj", "{EDC6DDFE-4D92-464B-811D-F8FFD31B8C3F}"
EndProject
Global
	GlobalSection(SolutionConfigurationPlatforms) = preSolution
		Debug|Any CPU = Debug|Any CPU
		Release|Any CPU = Release|Any CPU
	EndGlobalSection
	GlobalSection(ProjectConfigurationPlatforms) = postSolution
		{EDC6DDFE-4D92-464B-811D-F8FFD31B8C3F}.Debug|Any CPU.ActiveCfg = Debug|Any CPU
		{EDC6DDFE-4D92-464B-811D-F8FFD31B8C3F}.Debug|Any CPU.Build.0 = Debug|Any CPU
		{EDC6DDFE-4D92-464B-811D-F8FFD31B8C3F}.Release|Any CPU.ActiveCfg = Release|Any CPU
		{EDC6DDFE-4D92-464B-811D-F8FFD31B8C3F}.Release|Any CPU.Build.0 = Release|Any CPU
	EndGlobalSection
EndGlobal
